// !$*UTF8*$!
{
	archiveVersion = 1;
	classes = {
	};
	objectVersion = 56;
	objects = {

/* Begin PBXBuildFile section */
		4A2CF6962B88AB060076234D /* SchoolTabView.swift in Sources */ = {isa = PBXBuildFile; fileRef = 4A2CF6952B88AB060076234D /* SchoolTabView.swift */; };
		4A2CF6982B88AC5F0076234D /* ScheduleTabView.swift in Sources */ = {isa = PBXBuildFile; fileRef = 4A2CF6972B88AC5F0076234D /* ScheduleTabView.swift */; };
		4A2CF69C2B88B08F0076234D /* ScheduleRowView.swift in Sources */ = {isa = PBXBuildFile; fileRef = 4A2CF69B2B88B08F0076234D /* ScheduleRowView.swift */; };
		4A2CF6A02B88B5AE0076234D /* ScheduleCalendarView.swift in Sources */ = {isa = PBXBuildFile; fileRef = 4A2CF69F2B88B5AE0076234D /* ScheduleCalendarView.swift */; };
		4A2CF6A22B88BBC70076234D /* Utils.swift in Sources */ = {isa = PBXBuildFile; fileRef = 4A2CF6A12B88BBC70076234D /* Utils.swift */; };
		4A2CF6A42B8902870076234D /* ScheduleLessonView.swift in Sources */ = {isa = PBXBuildFile; fileRef = 4A2CF6A32B8902870076234D /* ScheduleLessonView.swift */; };
		4A2CF6AA2B8905380076234D /* DataStructures.swift in Sources */ = {isa = PBXBuildFile; fileRef = 4A2CF6A92B8905380076234D /* DataStructures.swift */; };
		C73614982B8701C70086372C /* somethingApp.swift in Sources */ = {isa = PBXBuildFile; fileRef = C73614972B8701C70086372C /* somethingApp.swift */; };
		C736149A2B8701C70086372C /* CoachEndView.swift in Sources */ = {isa = PBXBuildFile; fileRef = C73614992B8701C70086372C /* CoachEndView.swift */; };
		C736149C2B8701C80086372C /* Assets.xcassets in Resources */ = {isa = PBXBuildFile; fileRef = C736149B2B8701C80086372C /* Assets.xcassets */; };
		C736149F2B8701C80086372C /* Preview Assets.xcassets in Resources */ = {isa = PBXBuildFile; fileRef = C736149E2B8701C80086372C /* Preview Assets.xcassets */; };
		C73614A92B8701C80086372C /* somethingTests.swift in Sources */ = {isa = PBXBuildFile; fileRef = C73614A82B8701C80086372C /* somethingTests.swift */; };
		C73614B32B8701C90086372C /* somethingUITests.swift in Sources */ = {isa = PBXBuildFile; fileRef = C73614B22B8701C90086372C /* somethingUITests.swift */; };
		C73614B52B8701C90086372C /* somethingUITestsLaunchTests.swift in Sources */ = {isa = PBXBuildFile; fileRef = C73614B42B8701C90086372C /* somethingUITestsLaunchTests.swift */; };
		C7CA44A52B94C08F00B79ACA /* ManagerEndView.swift in Sources */ = {isa = PBXBuildFile; fileRef = C7CA44A42B94C08F00B79ACA /* ManagerEndView.swift */; };
/* End PBXBuildFile section */

/* Begin PBXContainerItemProxy section */
		C73614A52B8701C80086372C /* PBXContainerItemProxy */ = {
			isa = PBXContainerItemProxy;
			containerPortal = C736148C2B8701C70086372C /* Project object */;
			proxyType = 1;
			remoteGlobalIDString = C73614932B8701C70086372C;
			remoteInfo = something;
		};
		C73614AF2B8701C90086372C /* PBXContainerItemProxy */ = {
			isa = PBXContainerItemProxy;
			containerPortal = C736148C2B8701C70086372C /* Project object */;
			proxyType = 1;
			remoteGlobalIDString = C73614932B8701C70086372C;
			remoteInfo = something;
		};
/* End PBXContainerItemProxy section */

/* Begin PBXFileReference section */
		4A2CF6952B88AB060076234D /* SchoolTabView.swift */ = {isa = PBXFileReference; lastKnownFileType = sourcecode.swift; path = SchoolTabView.swift; sourceTree = "<group>"; };
		4A2CF6972B88AC5F0076234D /* ScheduleTabView.swift */ = {isa = PBXFileReference; fileEncoding = 4; lastKnownFileType = sourcecode.swift; path = ScheduleTabView.swift; sourceTree = "<group>"; };
		4A2CF69B2B88B08F0076234D /* ScheduleRowView.swift */ = {isa = PBXFileReference; lastKnownFileType = sourcecode.swift; path = ScheduleRowView.swift; sourceTree = "<group>"; };
		4A2CF69F2B88B5AE0076234D /* ScheduleCalendarView.swift */ = {isa = PBXFileReference; lastKnownFileType = sourcecode.swift; path = ScheduleCalendarView.swift; sourceTree = "<group>"; };
		4A2CF6A12B88BBC70076234D /* Utils.swift */ = {isa = PBXFileReference; lastKnownFileType = sourcecode.swift; path = Utils.swift; sourceTree = "<group>"; };
		4A2CF6A32B8902870076234D /* ScheduleLessonView.swift */ = {isa = PBXFileReference; lastKnownFileType = sourcecode.swift; path = ScheduleLessonView.swift; sourceTree = "<group>"; };
		4A2CF6A92B8905380076234D /* DataStructures.swift */ = {isa = PBXFileReference; lastKnownFileType = sourcecode.swift; path = DataStructures.swift; sourceTree = "<group>"; };
		C73614942B8701C70086372C /* something.app */ = {isa = PBXFileReference; explicitFileType = wrapper.application; includeInIndex = 0; path = something.app; sourceTree = BUILT_PRODUCTS_DIR; };
		C73614972B8701C70086372C /* somethingApp.swift */ = {isa = PBXFileReference; lastKnownFileType = sourcecode.swift; path = somethingApp.swift; sourceTree = "<group>"; };
		C73614992B8701C70086372C /* CoachEndView.swift */ = {isa = PBXFileReference; lastKnownFileType = sourcecode.swift; path = CoachEndView.swift; sourceTree = "<group>"; };
		C736149B2B8701C80086372C /* Assets.xcassets */ = {isa = PBXFileReference; lastKnownFileType = folder.assetcatalog; path = Assets.xcassets; sourceTree = "<group>"; };
		C736149E2B8701C80086372C /* Preview Assets.xcassets */ = {isa = PBXFileReference; lastKnownFileType = folder.assetcatalog; path = "Preview Assets.xcassets"; sourceTree = "<group>"; };
		C73614A42B8701C80086372C /* somethingTests.xctest */ = {isa = PBXFileReference; explicitFileType = wrapper.cfbundle; includeInIndex = 0; path = somethingTests.xctest; sourceTree = BUILT_PRODUCTS_DIR; };
		C73614A82B8701C80086372C /* somethingTests.swift */ = {isa = PBXFileReference; lastKnownFileType = sourcecode.swift; path = somethingTests.swift; sourceTree = "<group>"; };
		C73614AE2B8701C90086372C /* somethingUITests.xctest */ = {isa = PBXFileReference; explicitFileType = wrapper.cfbundle; includeInIndex = 0; path = somethingUITests.xctest; sourceTree = BUILT_PRODUCTS_DIR; };
		C73614B22B8701C90086372C /* somethingUITests.swift */ = {isa = PBXFileReference; lastKnownFileType = sourcecode.swift; path = somethingUITests.swift; sourceTree = "<group>"; };
		C73614B42B8701C90086372C /* somethingUITestsLaunchTests.swift */ = {isa = PBXFileReference; lastKnownFileType = sourcecode.swift; path = somethingUITestsLaunchTests.swift; sourceTree = "<group>"; };
		C7CA44A42B94C08F00B79ACA /* ManagerEndView.swift */ = {isa = PBXFileReference; lastKnownFileType = sourcecode.swift; path = ManagerEndView.swift; sourceTree = "<group>"; };
/* End PBXFileReference section */

/* Begin PBXFrameworksBuildPhase section */
		C73614912B8701C70086372C /* Frameworks */ = {
			isa = PBXFrameworksBuildPhase;
			buildActionMask = 2147483647;
			files = (
			);
			runOnlyForDeploymentPostprocessing = 0;
		};
		C73614A12B8701C80086372C /* Frameworks */ = {
			isa = PBXFrameworksBuildPhase;
			buildActionMask = 2147483647;
			files = (
			);
			runOnlyForDeploymentPostprocessing = 0;
		};
		C73614AB2B8701C90086372C /* Frameworks */ = {
			isa = PBXFrameworksBuildPhase;
			buildActionMask = 2147483647;
			files = (
			);
			runOnlyForDeploymentPostprocessing = 0;
		};
/* End PBXFrameworksBuildPhase section */

/* Begin PBXGroup section */
		4A2CF6992B88AD2E0076234D /* SchoolTabView */ = {
			isa = PBXGroup;
			children = (
				4A2CF6952B88AB060076234D /* SchoolTabView.swift */,
			);
			path = SchoolTabView;
			sourceTree = "<group>";
		};
		4A2CF69A2B88ADB50076234D /* ScheduleTabView */ = {
			isa = PBXGroup;
			children = (
				4A2CF6972B88AC5F0076234D /* ScheduleTabView.swift */,
				4A2CF69B2B88B08F0076234D /* ScheduleRowView.swift */,
				4A2CF69F2B88B5AE0076234D /* ScheduleCalendarView.swift */,
				4A2CF6A12B88BBC70076234D /* Utils.swift */,
				4A2CF6A32B8902870076234D /* ScheduleLessonView.swift */,
				4A2CF6A92B8905380076234D /* DataStructures.swift */,
			);
			path = ScheduleTabView;
			sourceTree = "<group>";
		};
		C736148B2B8701C70086372C = {
			isa = PBXGroup;
			children = (
				C73614962B8701C70086372C /* something */,
				C73614A72B8701C80086372C /* somethingTests */,
				C73614B12B8701C90086372C /* somethingUITests */,
				C73614952B8701C70086372C /* Products */,
			);
			sourceTree = "<group>";
		};
		C73614952B8701C70086372C /* Products */ = {
			isa = PBXGroup;
			children = (
				C73614942B8701C70086372C /* something.app */,
				C73614A42B8701C80086372C /* somethingTests.xctest */,
				C73614AE2B8701C90086372C /* somethingUITests.xctest */,
			);
			name = Products;
			sourceTree = "<group>";
		};
		C73614962B8701C70086372C /* something */ = {
			isa = PBXGroup;
			children = (
				C7CA44A32B94C08100B79ACA /* ManagerEnd */,
				C7CA44A22B94BFF400B79ACA /* CoachEnd */,
				C73614972B8701C70086372C /* somethingApp.swift */,
				C736149B2B8701C80086372C /* Assets.xcassets */,
				C736149D2B8701C80086372C /* Preview Content */,
			);
			path = something;
			sourceTree = "<group>";
		};
		C736149D2B8701C80086372C /* Preview Content */ = {
			isa = PBXGroup;
			children = (
				C736149E2B8701C80086372C /* Preview Assets.xcassets */,
			);
			path = "Preview Content";
			sourceTree = "<group>";
		};
		C73614A72B8701C80086372C /* somethingTests */ = {
			isa = PBXGroup;
			children = (
				C73614A82B8701C80086372C /* somethingTests.swift */,
			);
			path = somethingTests;
			sourceTree = "<group>";
		};
		C73614B12B8701C90086372C /* somethingUITests */ = {
			isa = PBXGroup;
			children = (
				C73614B22B8701C90086372C /* somethingUITests.swift */,
				C73614B42B8701C90086372C /* somethingUITestsLaunchTests.swift */,
			);
			path = somethingUITests;
			sourceTree = "<group>";
		};
		C7CA44A22B94BFF400B79ACA /* CoachEnd */ = {
			isa = PBXGroup;
			children = (
				4A2CF69A2B88ADB50076234D /* ScheduleTabView */,
				4A2CF6992B88AD2E0076234D /* SchoolTabView */,
				C73614992B8701C70086372C /* CoachEndView.swift */,
			);
			path = CoachEnd;
			sourceTree = "<group>";
		};
		C7CA44A32B94C08100B79ACA /* ManagerEnd */ = {
			isa = PBXGroup;
			children = (
				C7CA44A42B94C08F00B79ACA /* ManagerEndView.swift */,
			);
			path = ManagerEnd;
			sourceTree = "<group>";
		};
/* End PBXGroup section */

/* Begin PBXNativeTarget section */
		C73614932B8701C70086372C /* something */ = {
			isa = PBXNativeTarget;
			buildConfigurationList = C73614B82B8701C90086372C /* Build configuration list for PBXNativeTarget "something" */;
			buildPhases = (
				C73614902B8701C70086372C /* Sources */,
				C73614912B8701C70086372C /* Frameworks */,
				C73614922B8701C70086372C /* Resources */,
			);
			buildRules = (
			);
			dependencies = (
			);
			name = something;
			productName = something;
			productReference = C73614942B8701C70086372C /* something.app */;
			productType = "com.apple.product-type.application";
		};
		C73614A32B8701C80086372C /* somethingTests */ = {
			isa = PBXNativeTarget;
			buildConfigurationList = C73614BB2B8701C90086372C /* Build configuration list for PBXNativeTarget "somethingTests" */;
			buildPhases = (
				C73614A02B8701C80086372C /* Sources */,
				C73614A12B8701C80086372C /* Frameworks */,
				C73614A22B8701C80086372C /* Resources */,
			);
			buildRules = (
			);
			dependencies = (
				C73614A62B8701C80086372C /* PBXTargetDependency */,
			);
			name = somethingTests;
			productName = somethingTests;
			productReference = C73614A42B8701C80086372C /* somethingTests.xctest */;
			productType = "com.apple.product-type.bundle.unit-test";
		};
		C73614AD2B8701C90086372C /* somethingUITests */ = {
			isa = PBXNativeTarget;
			buildConfigurationList = C73614BE2B8701C90086372C /* Build configuration list for PBXNativeTarget "somethingUITests" */;
			buildPhases = (
				C73614AA2B8701C90086372C /* Sources */,
				C73614AB2B8701C90086372C /* Frameworks */,
				C73614AC2B8701C90086372C /* Resources */,
			);
			buildRules = (
			);
			dependencies = (
				C73614B02B8701C90086372C /* PBXTargetDependency */,
			);
			name = somethingUITests;
			productName = somethingUITests;
			productReference = C73614AE2B8701C90086372C /* somethingUITests.xctest */;
			productType = "com.apple.product-type.bundle.ui-testing";
		};
/* End PBXNativeTarget section */

/* Begin PBXProject section */
		C736148C2B8701C70086372C /* Project object */ = {
			isa = PBXProject;
			attributes = {
				BuildIndependentTargetsInParallel = 1;
				LastSwiftUpdateCheck = 1420;
				LastUpgradeCheck = 1420;
				TargetAttributes = {
					C73614932B8701C70086372C = {
						CreatedOnToolsVersion = 14.2;
					};
					C73614A32B8701C80086372C = {
						CreatedOnToolsVersion = 14.2;
						TestTargetID = C73614932B8701C70086372C;
					};
					C73614AD2B8701C90086372C = {
						CreatedOnToolsVersion = 14.2;
						TestTargetID = C73614932B8701C70086372C;
					};
				};
			};
			buildConfigurationList = C736148F2B8701C70086372C /* Build configuration list for PBXProject "something" */;
			compatibilityVersion = "Xcode 14.0";
			developmentRegion = en;
			hasScannedForEncodings = 0;
			knownRegions = (
				en,
				Base,
			);
			mainGroup = C736148B2B8701C70086372C;
			productRefGroup = C73614952B8701C70086372C /* Products */;
			projectDirPath = "";
			projectRoot = "";
			targets = (
				C73614932B8701C70086372C /* something */,
				C73614A32B8701C80086372C /* somethingTests */,
				C73614AD2B8701C90086372C /* somethingUITests */,
			);
		};
/* End PBXProject section */

/* Begin PBXResourcesBuildPhase section */
		C73614922B8701C70086372C /* Resources */ = {
			isa = PBXResourcesBuildPhase;
			buildActionMask = 2147483647;
			files = (
				C736149F2B8701C80086372C /* Preview Assets.xcassets in Resources */,
				C736149C2B8701C80086372C /* Assets.xcassets in Resources */,
			);
			runOnlyForDeploymentPostprocessing = 0;
		};
		C73614A22B8701C80086372C /* Resources */ = {
			isa = PBXResourcesBuildPhase;
			buildActionMask = 2147483647;
			files = (
			);
			runOnlyForDeploymentPostprocessing = 0;
		};
		C73614AC2B8701C90086372C /* Resources */ = {
			isa = PBXResourcesBuildPhase;
			buildActionMask = 2147483647;
			files = (
			);
			runOnlyForDeploymentPostprocessing = 0;
		};
/* End PBXResourcesBuildPhase section */

/* Begin PBXSourcesBuildPhase section */
		C73614902B8701C70086372C /* Sources */ = {
			isa = PBXSourcesBuildPhase;
			buildActionMask = 2147483647;
			files = (
				C7CA44A52B94C08F00B79ACA /* ManagerEndView.swift in Sources */,
				4A2CF6A42B8902870076234D /* ScheduleLessonView.swift in Sources */,
				4A2CF6962B88AB060076234D /* SchoolTabView.swift in Sources */,
				C736149A2B8701C70086372C /* CoachEndView.swift in Sources */,
				C73614982B8701C70086372C /* somethingApp.swift in Sources */,
				4A2CF6A02B88B5AE0076234D /* ScheduleCalendarView.swift in Sources */,
				4A2CF6AA2B8905380076234D /* DataStructures.swift in Sources */,
				4A2CF6982B88AC5F0076234D /* ScheduleTabView.swift in Sources */,
				4A2CF69C2B88B08F0076234D /* ScheduleRowView.swift in Sources */,
				4A2CF6A22B88BBC70076234D /* Utils.swift in Sources */,
			);
			runOnlyForDeploymentPostprocessing = 0;
		};
		C73614A02B8701C80086372C /* Sources */ = {
			isa = PBXSourcesBuildPhase;
			buildActionMask = 2147483647;
			files = (
				C73614A92B8701C80086372C /* somethingTests.swift in Sources */,
			);
			runOnlyForDeploymentPostprocessing = 0;
		};
		C73614AA2B8701C90086372C /* Sources */ = {
			isa = PBXSourcesBuildPhase;
			buildActionMask = 2147483647;
			files = (
				C73614B32B8701C90086372C /* somethingUITests.swift in Sources */,
				C73614B52B8701C90086372C /* somethingUITestsLaunchTests.swift in Sources */,
			);
			runOnlyForDeploymentPostprocessing = 0;
		};
/* End PBXSourcesBuildPhase section */

/* Begin PBXTargetDependency section */
		C73614A62B8701C80086372C /* PBXTargetDependency */ = {
			isa = PBXTargetDependency;
			target = C73614932B8701C70086372C /* something */;
			targetProxy = C73614A52B8701C80086372C /* PBXContainerItemProxy */;
		};
		C73614B02B8701C90086372C /* PBXTargetDependency */ = {
			isa = PBXTargetDependency;
			target = C73614932B8701C70086372C /* something */;
			targetProxy = C73614AF2B8701C90086372C /* PBXContainerItemProxy */;
		};
/* End PBXTargetDependency section */

/* Begin XCBuildConfiguration section */
		C73614B62B8701C90086372C /* Debug */ = {
			isa = XCBuildConfiguration;
			buildSettings = {
				ALWAYS_SEARCH_USER_PATHS = NO;
				CLANG_ANALYZER_NONNULL = YES;
				CLANG_ANALYZER_NUMBER_OBJECT_CONVERSION = YES_AGGRESSIVE;
				CLANG_CXX_LANGUAGE_STANDARD = "gnu++20";
				CLANG_ENABLE_MODULES = YES;
				CLANG_ENABLE_OBJC_ARC = YES;
				CLANG_ENABLE_OBJC_WEAK = YES;
				CLANG_WARN_BLOCK_CAPTURE_AUTORELEASING = YES;
				CLANG_WARN_BOOL_CONVERSION = YES;
				CLANG_WARN_COMMA = YES;
				CLANG_WARN_CONSTANT_CONVERSION = YES;
				CLANG_WARN_DEPRECATED_OBJC_IMPLEMENTATIONS = YES;
				CLANG_WARN_DIRECT_OBJC_ISA_USAGE = YES_ERROR;
				CLANG_WARN_DOCUMENTATION_COMMENTS = YES;
				CLANG_WARN_EMPTY_BODY = YES;
				CLANG_WARN_ENUM_CONVERSION = YES;
				CLANG_WARN_INFINITE_RECURSION = YES;
				CLANG_WARN_INT_CONVERSION = YES;
				CLANG_WARN_NON_LITERAL_NULL_CONVERSION = YES;
				CLANG_WARN_OBJC_IMPLICIT_RETAIN_SELF = YES;
				CLANG_WARN_OBJC_LITERAL_CONVERSION = YES;
				CLANG_WARN_OBJC_ROOT_CLASS = YES_ERROR;
				CLANG_WARN_QUOTED_INCLUDE_IN_FRAMEWORK_HEADER = YES;
				CLANG_WARN_RANGE_LOOP_ANALYSIS = YES;
				CLANG_WARN_STRICT_PROTOTYPES = YES;
				CLANG_WARN_SUSPICIOUS_MOVE = YES;
				CLANG_WARN_UNGUARDED_AVAILABILITY = YES_AGGRESSIVE;
				CLANG_WARN_UNREACHABLE_CODE = YES;
				CLANG_WARN__DUPLICATE_METHOD_MATCH = YES;
				COPY_PHASE_STRIP = NO;
				DEBUG_INFORMATION_FORMAT = dwarf;
				ENABLE_STRICT_OBJC_MSGSEND = YES;
				ENABLE_TESTABILITY = YES;
				GCC_C_LANGUAGE_STANDARD = gnu11;
				GCC_DYNAMIC_NO_PIC = NO;
				GCC_NO_COMMON_BLOCKS = YES;
				GCC_OPTIMIZATION_LEVEL = 0;
				GCC_PREPROCESSOR_DEFINITIONS = (
					"DEBUG=1",
					"$(inherited)",
				);
				GCC_WARN_64_TO_32_BIT_CONVERSION = YES;
				GCC_WARN_ABOUT_RETURN_TYPE = YES_ERROR;
				GCC_WARN_UNDECLARED_SELECTOR = YES;
				GCC_WARN_UNINITIALIZED_AUTOS = YES_AGGRESSIVE;
				GCC_WARN_UNUSED_FUNCTION = YES;
				GCC_WARN_UNUSED_VARIABLE = YES;
				IPHONEOS_DEPLOYMENT_TARGET = 16.2;
				MTL_ENABLE_DEBUG_INFO = INCLUDE_SOURCE;
				MTL_FAST_MATH = YES;
				ONLY_ACTIVE_ARCH = YES;
				SDKROOT = iphoneos;
				SWIFT_ACTIVE_COMPILATION_CONDITIONS = DEBUG;
				SWIFT_OPTIMIZATION_LEVEL = "-Onone";
			};
			name = Debug;
		};
		C73614B72B8701C90086372C /* Release */ = {
			isa = XCBuildConfiguration;
			buildSettings = {
				ALWAYS_SEARCH_USER_PATHS = NO;
				CLANG_ANALYZER_NONNULL = YES;
				CLANG_ANALYZER_NUMBER_OBJECT_CONVERSION = YES_AGGRESSIVE;
				CLANG_CXX_LANGUAGE_STANDARD = "gnu++20";
				CLANG_ENABLE_MODULES = YES;
				CLANG_ENABLE_OBJC_ARC = YES;
				CLANG_ENABLE_OBJC_WEAK = YES;
				CLANG_WARN_BLOCK_CAPTURE_AUTORELEASING = YES;
				CLANG_WARN_BOOL_CONVERSION = YES;
				CLANG_WARN_COMMA = YES;
				CLANG_WARN_CONSTANT_CONVERSION = YES;
				CLANG_WARN_DEPRECATED_OBJC_IMPLEMENTATIONS = YES;
				CLANG_WARN_DIRECT_OBJC_ISA_USAGE = YES_ERROR;
				CLANG_WARN_DOCUMENTATION_COMMENTS = YES;
				CLANG_WARN_EMPTY_BODY = YES;
				CLANG_WARN_ENUM_CONVERSION = YES;
				CLANG_WARN_INFINITE_RECURSION = YES;
				CLANG_WARN_INT_CONVERSION = YES;
				CLANG_WARN_NON_LITERAL_NULL_CONVERSION = YES;
				CLANG_WARN_OBJC_IMPLICIT_RETAIN_SELF = YES;
				CLANG_WARN_OBJC_LITERAL_CONVERSION = YES;
				CLANG_WARN_OBJC_ROOT_CLASS = YES_ERROR;
				CLANG_WARN_QUOTED_INCLUDE_IN_FRAMEWORK_HEADER = YES;
				CLANG_WARN_RANGE_LOOP_ANALYSIS = YES;
				CLANG_WARN_STRICT_PROTOTYPES = YES;
				CLANG_WARN_SUSPICIOUS_MOVE = YES;
				CLANG_WARN_UNGUARDED_AVAILABILITY = YES_AGGRESSIVE;
				CLANG_WARN_UNREACHABLE_CODE = YES;
				CLANG_WARN__DUPLICATE_METHOD_MATCH = YES;
				COPY_PHASE_STRIP = NO;
				DEBUG_INFORMATION_FORMAT = "dwarf-with-dsym";
				ENABLE_NS_ASSERTIONS = NO;
				ENABLE_STRICT_OBJC_MSGSEND = YES;
				GCC_C_LANGUAGE_STANDARD = gnu11;
				GCC_NO_COMMON_BLOCKS = YES;
				GCC_WARN_64_TO_32_BIT_CONVERSION = YES;
				GCC_WARN_ABOUT_RETURN_TYPE = YES_ERROR;
				GCC_WARN_UNDECLARED_SELECTOR = YES;
				GCC_WARN_UNINITIALIZED_AUTOS = YES_AGGRESSIVE;
				GCC_WARN_UNUSED_FUNCTION = YES;
				GCC_WARN_UNUSED_VARIABLE = YES;
				IPHONEOS_DEPLOYMENT_TARGET = 16.2;
				MTL_ENABLE_DEBUG_INFO = NO;
				MTL_FAST_MATH = YES;
				SDKROOT = iphoneos;
				SWIFT_COMPILATION_MODE = wholemodule;
				SWIFT_OPTIMIZATION_LEVEL = "-O";
				VALIDATE_PRODUCT = YES;
			};
			name = Release;
		};
		C73614B92B8701C90086372C /* Debug */ = {
			isa = XCBuildConfiguration;
			buildSettings = {
				ASSETCATALOG_COMPILER_APPICON_NAME = AppIcon;
				ASSETCATALOG_COMPILER_GLOBAL_ACCENT_COLOR_NAME = AccentColor;
				CODE_SIGN_STYLE = Automatic;
				CURRENT_PROJECT_VERSION = 1;
				DEVELOPMENT_ASSET_PATHS = "\"something/Preview Content\"";
				ENABLE_PREVIEWS = YES;
				GENERATE_INFOPLIST_FILE = YES;
				INFOPLIST_KEY_UIApplicationSceneManifest_Generation = YES;
				INFOPLIST_KEY_UIApplicationSupportsIndirectInputEvents = YES;
				INFOPLIST_KEY_UILaunchScreen_Generation = YES;
				INFOPLIST_KEY_UISupportedInterfaceOrientations_iPad = "UIInterfaceOrientationPortrait UIInterfaceOrientationPortraitUpsideDown UIInterfaceOrientationLandscapeLeft UIInterfaceOrientationLandscapeRight";
				INFOPLIST_KEY_UISupportedInterfaceOrientations_iPhone = "UIInterfaceOrientationPortrait UIInterfaceOrientationLandscapeLeft UIInterfaceOrientationLandscapeRight";
				LD_RUNPATH_SEARCH_PATHS = (
					"$(inherited)",
					"@executable_path/Frameworks",
				);
				MARKETING_VERSION = 1.0;
				PRODUCT_BUNDLE_IDENTIFIER = something.something;
				PRODUCT_NAME = "$(TARGET_NAME)";
				SWIFT_EMIT_LOC_STRINGS = YES;
				SWIFT_VERSION = 5.0;
				TARGETED_DEVICE_FAMILY = "1,2";
			};
			name = Debug;
		};
		C73614BA2B8701C90086372C /* Release */ = {
			isa = XCBuildConfiguration;
			buildSettings = {
				ASSETCATALOG_COMPILER_APPICON_NAME = AppIcon;
				ASSETCATALOG_COMPILER_GLOBAL_ACCENT_COLOR_NAME = AccentColor;
				CODE_SIGN_STYLE = Automatic;
				CURRENT_PROJECT_VERSION = 1;
				DEVELOPMENT_ASSET_PATHS = "\"something/Preview Content\"";
				ENABLE_PREVIEWS = YES;
				GENERATE_INFOPLIST_FILE = YES;
				INFOPLIST_KEY_UIApplicationSceneManifest_Generation = YES;
				INFOPLIST_KEY_UIApplicationSupportsIndirectInputEvents = YES;
				INFOPLIST_KEY_UILaunchScreen_Generation = YES;
				INFOPLIST_KEY_UISupportedInterfaceOrientations_iPad = "UIInterfaceOrientationPortrait UIInterfaceOrientationPortraitUpsideDown UIInterfaceOrientationLandscapeLeft UIInterfaceOrientationLandscapeRight";
				INFOPLIST_KEY_UISupportedInterfaceOrientations_iPhone = "UIInterfaceOrientationPortrait UIInterfaceOrientationLandscapeLeft UIInterfaceOrientationLandscapeRight";
				LD_RUNPATH_SEARCH_PATHS = (
					"$(inherited)",
					"@executable_path/Frameworks",
				);
				MARKETING_VERSION = 1.0;
				PRODUCT_BUNDLE_IDENTIFIER = something.something;
				PRODUCT_NAME = "$(TARGET_NAME)";
				SWIFT_EMIT_LOC_STRINGS = YES;
				SWIFT_VERSION = 5.0;
				TARGETED_DEVICE_FAMILY = "1,2";
			};
			name = Release;
		};
		C73614BC2B8701C90086372C /* Debug */ = {
			isa = XCBuildConfiguration;
			buildSettings = {
				ALWAYS_EMBED_SWIFT_STANDARD_LIBRARIES = YES;
				BUNDLE_LOADER = "$(TEST_HOST)";
				CODE_SIGN_STYLE = Automatic;
				CURRENT_PROJECT_VERSION = 1;
				GENERATE_INFOPLIST_FILE = YES;
				IPHONEOS_DEPLOYMENT_TARGET = 16.2;
				MARKETING_VERSION = 1.0;
				PRODUCT_BUNDLE_IDENTIFIER = something.somethingTests;
				PRODUCT_NAME = "$(TARGET_NAME)";
				SWIFT_EMIT_LOC_STRINGS = NO;
				SWIFT_VERSION = 5.0;
				TARGETED_DEVICE_FAMILY = "1,2";
				TEST_HOST = "$(BUILT_PRODUCTS_DIR)/something.app/$(BUNDLE_EXECUTABLE_FOLDER_PATH)/something";
			};
			name = Debug;
		};
		C73614BD2B8701C90086372C /* Release */ = {
			isa = XCBuildConfiguration;
			buildSettings = {
				ALWAYS_EMBED_SWIFT_STANDARD_LIBRARIES = YES;
				BUNDLE_LOADER = "$(TEST_HOST)";
				CODE_SIGN_STYLE = Automatic;
				CURRENT_PROJECT_VERSION = 1;
				GENERATE_INFOPLIST_FILE = YES;
				IPHONEOS_DEPLOYMENT_TARGET = 16.2;
				MARKETING_VERSION = 1.0;
				PRODUCT_BUNDLE_IDENTIFIER = something.somethingTests;
				PRODUCT_NAME = "$(TARGET_NAME)";
				SWIFT_EMIT_LOC_STRINGS = NO;
				SWIFT_VERSION = 5.0;
				TARGETED_DEVICE_FAMILY = "1,2";
				TEST_HOST = "$(BUILT_PRODUCTS_DIR)/something.app/$(BUNDLE_EXECUTABLE_FOLDER_PATH)/something";
			};
			name = Release;
		};
		C73614BF2B8701C90086372C /* Debug */ = {
			isa = XCBuildConfiguration;
			buildSettings = {
				ALWAYS_EMBED_SWIFT_STANDARD_LIBRARIES = YES;
				CODE_SIGN_STYLE = Automatic;
				CURRENT_PROJECT_VERSION = 1;
				GENERATE_INFOPLIST_FILE = YES;
				MARKETING_VERSION = 1.0;
				PRODUCT_BUNDLE_IDENTIFIER = something.somethingUITests;
				PRODUCT_NAME = "$(TARGET_NAME)";
				SWIFT_EMIT_LOC_STRINGS = NO;
				SWIFT_VERSION = 5.0;
				TARGETED_DEVICE_FAMILY = "1,2";
				TEST_TARGET_NAME = something;
			};
			name = Debug;
		};
		C73614C02B8701C90086372C /* Release */ = {
			isa = XCBuildConfiguration;
			buildSettings = {
				ALWAYS_EMBED_SWIFT_STANDARD_LIBRARIES = YES;
				CODE_SIGN_STYLE = Automatic;
				CURRENT_PROJECT_VERSION = 1;
				GENERATE_INFOPLIST_FILE = YES;
				MARKETING_VERSION = 1.0;
				PRODUCT_BUNDLE_IDENTIFIER = something.somethingUITests;
				PRODUCT_NAME = "$(TARGET_NAME)";
				SWIFT_EMIT_LOC_STRINGS = NO;
				SWIFT_VERSION = 5.0;
				TARGETED_DEVICE_FAMILY = "1,2";
				TEST_TARGET_NAME = something;
			};
			name = Release;
		};
/* End XCBuildConfiguration section */

/* Begin XCConfigurationList section */
		C736148F2B8701C70086372C /* Build configuration list for PBXProject "something" */ = {
			isa = XCConfigurationList;
			buildConfigurations = (
				C73614B62B8701C90086372C /* Debug */,
				C73614B72B8701C90086372C /* Release */,
			);
			defaultConfigurationIsVisible = 0;
			defaultConfigurationName = Release;
		};
		C73614B82B8701C90086372C /* Build configuration list for PBXNativeTarget "something" */ = {
			isa = XCConfigurationList;
			buildConfigurations = (
				C73614B92B8701C90086372C /* Debug */,
				C73614BA2B8701C90086372C /* Release */,
			);
			defaultConfigurationIsVisible = 0;
			defaultConfigurationName = Release;
		};
		C73614BB2B8701C90086372C /* Build configuration list for PBXNativeTarget "somethingTests" */ = {
			isa = XCConfigurationList;
			buildConfigurations = (
				C73614BC2B8701C90086372C /* Debug */,
				C73614BD2B8701C90086372C /* Release */,
			);
			defaultConfigurationIsVisible = 0;
			defaultConfigurationName = Release;
		};
		C73614BE2B8701C90086372C /* Build configuration list for PBXNativeTarget "somethingUITests" */ = {
			isa = XCConfigurationList;
			buildConfigurations = (
				C73614BF2B8701C90086372C /* Debug */,
				C73614C02B8701C90086372C /* Release */,
			);
			defaultConfigurationIsVisible = 0;
			defaultConfigurationName = Release;
		};
/* End XCConfigurationList section */
	};
	rootObject = C736148C2B8701C70086372C /* Project object */;
}
